
Microsoft Visual Studio Solution File, Format Version 12.00
# Visual Studio Version 16
VisualStudioVersion = 16.0.30114.105
MinimumVisualStudioVersion = 10.0.40219.1
Project("{9A19103F-16F7-4668-BE54-9A1E7A4F7556}") = "PolymorphicDemo", "PolymorphicDemo\PolymorphicDemo.csproj", "{57AEBDC5-D2B1-4352-A820-7B126BCFDC66}"
EndProject
Project("{9A19103F-16F7-4668-BE54-9A1E7A4F7556}") = "TestWeb", "TestWeb\TestWeb.csproj", "{A73DB335-6786-4571-9617-F15DEC4DC55A}"
EndProject
Project("{9A19103F-16F7-4668-BE54-9A1E7A4F7556}") = "CAPPWebApi", "CAPPWebApi\CAPPWebApi.csproj", "{FA8F7CD8-D3C9-45D7-A2B2-E5A9A21B18E0}"
EndProject
Project("{9A19103F-16F7-4668-BE54-9A1E7A4F7556}") = "SPAWebReactApp", "SPAWebReactApp\SPAWebReactApp.csproj", "{7AE41CD8-599E-4E7E-93E7-68C025AB35CA}"
EndProject
Project("{FAE04EC0-301F-11D3-BF4B-00C04F79EFBC}") = "TbsBindings", "TbsBindings\TbsBindings.csproj", "{DD1650D9-7114-4F91-B33F-A96B4E68CF8D}"
EndProject
Project("{9A19103F-16F7-4668-BE54-9A1E7A4F7556}") = "TaskLearningConsole", "TaskLearningConsole\TaskLearningConsole.csproj", "{D4B8DD62-5503-4AE3-8C3E-A345E4AE68C1}"
EndProject
Project("{9A19103F-16F7-4668-BE54-9A1E7A4F7556}") = "TestClassConsole", "TestClassConsole\TestClassConsole.csproj", "{A848A860-4B2E-46EB-8607-EE5503AF407A}"
EndProject
Project("{FAE04EC0-301F-11D3-BF4B-00C04F79EFBC}") = "UCropBinding", "UCropBinding\UCropBinding.csproj", "{161C2052-69D7-49BD-8779-59CE6C94D24B}"
EndProject
Project("{FAE04EC0-301F-11D3-BF4B-00C04F79EFBC}") = "MiddlewareDemo", "MiddlewareDemo\MiddlewareDemo.csproj", "{A77F5D15-6427-4DEF-9AF1-64712C3DB269}"
EndProject
Global
	GlobalSection(SolutionConfigurationPlatforms) = preSolution
		Debug|Any CPU = Debug|Any CPU
		Release|Any CPU = Release|Any CPU
	EndGlobalSection
	GlobalSection(ProjectConfigurationPlatforms) = postSolution
		{57AEBDC5-D2B1-4352-A820-7B126BCFDC66}.Debug|Any CPU.ActiveCfg = Debug|Any CPU
		{57AEBDC5-D2B1-4352-A820-7B126BCFDC66}.Debug|Any CPU.Build.0 = Debug|Any CPU
		{57AEBDC5-D2B1-4352-A820-7B126BCFDC66}.Release|Any CPU.ActiveCfg = Release|Any CPU
		{57AEBDC5-D2B1-4352-A820-7B126BCFDC66}.Release|Any CPU.Build.0 = Release|Any CPU
		{A73DB335-6786-4571-9617-F15DEC4DC55A}.Debug|Any CPU.ActiveCfg = Debug|Any CPU
		{A73DB335-6786-4571-9617-F15DEC4DC55A}.Debug|Any CPU.Build.0 = Debug|Any CPU
		{A73DB335-6786-4571-9617-F15DEC4DC55A}.Release|Any CPU.ActiveCfg = Release|Any CPU
		{A73DB335-6786-4571-9617-F15DEC4DC55A}.Release|Any CPU.Build.0 = Release|Any CPU
		{FA8F7CD8-D3C9-45D7-A2B2-E5A9A21B18E0}.Debug|Any CPU.ActiveCfg = Debug|Any CPU
		{FA8F7CD8-D3C9-45D7-A2B2-E5A9A21B18E0}.Debug|Any CPU.Build.0 = Debug|Any CPU
		{FA8F7CD8-D3C9-45D7-A2B2-E5A9A21B18E0}.Release|Any CPU.ActiveCfg = Release|Any CPU
		{FA8F7CD8-D3C9-45D7-A2B2-E5A9A21B18E0}.Release|Any CPU.Build.0 = Release|Any CPU
		{7AE41CD8-599E-4E7E-93E7-68C025AB35CA}.Debug|Any CPU.ActiveCfg = Debug|Any CPU
		{7AE41CD8-599E-4E7E-93E7-68C025AB35CA}.Debug|Any CPU.Build.0 = Debug|Any CPU
		{7AE41CD8-599E-4E7E-93E7-68C025AB35CA}.Release|Any CPU.ActiveCfg = Release|Any CPU
		{7AE41CD8-599E-4E7E-93E7-68C025AB35CA}.Release|Any CPU.Build.0 = Release|Any CPU
		{DD1650D9-7114-4F91-B33F-A96B4E68CF8D}.Debug|Any CPU.ActiveCfg = Debug|Any CPU
		{DD1650D9-7114-4F91-B33F-A96B4E68CF8D}.Debug|Any CPU.Build.0 = Debug|Any CPU
		{DD1650D9-7114-4F91-B33F-A96B4E68CF8D}.Release|Any CPU.ActiveCfg = Release|Any CPU
		{DD1650D9-7114-4F91-B33F-A96B4E68CF8D}.Release|Any CPU.Build.0 = Release|Any CPU
		{D4B8DD62-5503-4AE3-8C3E-A345E4AE68C1}.Debug|Any CPU.ActiveCfg = Debug|Any CPU
		{D4B8DD62-5503-4AE3-8C3E-A345E4AE68C1}.Debug|Any CPU.Build.0 = Debug|Any CPU
		{D4B8DD62-5503-4AE3-8C3E-A345E4AE68C1}.Release|Any CPU.ActiveCfg = Release|Any CPU
		{D4B8DD62-5503-4AE3-8C3E-A345E4AE68C1}.Release|Any CPU.Build.0 = Release|Any CPU
		{A848A860-4B2E-46EB-8607-EE5503AF407A}.Debug|Any CPU.ActiveCfg = Debug|Any CPU
		{A848A860-4B2E-46EB-8607-EE5503AF407A}.Debug|Any CPU.Build.0 = Debug|Any CPU
		{A848A860-4B2E-46EB-8607-EE5503AF407A}.Release|Any CPU.ActiveCfg = Release|Any CPU
		{A848A860-4B2E-46EB-8607-EE5503AF407A}.Release|Any CPU.Build.0 = Release|Any CPU
		{161C2052-69D7-49BD-8779-59CE6C94D24B}.Debug|Any CPU.ActiveCfg = Debug|Any CPU
		{161C2052-69D7-49BD-8779-59CE6C94D24B}.Debug|Any CPU.Build.0 = Debug|Any CPU
		{161C2052-69D7-49BD-8779-59CE6C94D24B}.Release|Any CPU.ActiveCfg = Release|Any CPU
		{161C2052-69D7-49BD-8779-59CE6C94D24B}.Release|Any CPU.Build.0 = Release|Any CPU
		{A77F5D15-6427-4DEF-9AF1-64712C3DB269}.Debug|Any CPU.ActiveCfg = Debug|Any CPU
		{A77F5D15-6427-4DEF-9AF1-64712C3DB269}.Debug|Any CPU.Build.0 = Debug|Any CPU
		{A77F5D15-6427-4DEF-9AF1-64712C3DB269}.Release|Any CPU.ActiveCfg = Release|Any CPU
		{A77F5D15-6427-4DEF-9AF1-64712C3DB269}.Release|Any CPU.Build.0 = Release|Any CPU
	EndGlobalSection
	GlobalSection(SolutionProperties) = preSolution
		HideSolutionNode = FALSE
	EndGlobalSection
	GlobalSection(ExtensibilityGlobals) = postSolution
		SolutionGuid = {C1EDD1D9-B44D-4FD0-8A8A-11513B810CFF}
	EndGlobalSection
EndGlobal
